// !$*UTF8*$!
{
	archiveVersion = 1;
	classes = {
	};
	objectVersion = 50;
	objects = {

/* Begin PBXBuildFile section */
		703049978FC967C58D72AFE7 /* Pods_GamarraApp.framework in Frameworks */ = {isa = PBXBuildFile; fileRef = 12C377CF2409D3E33BA0BB6E /* Pods_GamarraApp.framework */; };
		8B5D6CAA228DA625006219E7 /* AppDelegate.swift in Sources */ = {isa = PBXBuildFile; fileRef = 8B5D6CA9228DA625006219E7 /* AppDelegate.swift */; };
		8B5D6CAC228DA625006219E7 /* ViewController.swift in Sources */ = {isa = PBXBuildFile; fileRef = 8B5D6CAB228DA625006219E7 /* ViewController.swift */; };
		8B5D6CAF228DA625006219E7 /* Main.storyboard in Resources */ = {isa = PBXBuildFile; fileRef = 8B5D6CAD228DA625006219E7 /* Main.storyboard */; };
		8B5D6CB1228DA627006219E7 /* Assets.xcassets in Resources */ = {isa = PBXBuildFile; fileRef = 8B5D6CB0228DA627006219E7 /* Assets.xcassets */; };
		8B5D6CB4228DA627006219E7 /* LaunchScreen.storyboard in Resources */ = {isa = PBXBuildFile; fileRef = 8B5D6CB2228DA627006219E7 /* LaunchScreen.storyboard */; };
		9002EFCC22BFE12E00773716 /* Cloth.swift in Sources */ = {isa = PBXBuildFile; fileRef = 9002EFCB22BFE12E00773716 /* Cloth.swift */; };
		9002EFD522BFF76200773716 /* UIImageViewExtension.swift in Sources */ = {isa = PBXBuildFile; fileRef = 9002EFD422BFF76200773716 /* UIImageViewExtension.swift */; };
		900B2D6A22BF3AF20002D406 /* CategoriesViewController.swift in Sources */ = {isa = PBXBuildFile; fileRef = 900B2D6922BF3AF20002D406 /* CategoriesViewController.swift */; };
		900B2D6C22BF44000002D406 /* ClothResultsViewController.swift in Sources */ = {isa = PBXBuildFile; fileRef = 900B2D6B22BF44000002D406 /* ClothResultsViewController.swift */; };
		900B2D6E22BF445F0002D406 /* ClothDetailViewController.swift in Sources */ = {isa = PBXBuildFile; fileRef = 900B2D6D22BF445F0002D406 /* ClothDetailViewController.swift */; };
		900B2D8922BF4CA30002D406 /* Alamofire.framework in Frameworks */ = {isa = PBXBuildFile; fileRef = 900B2D7C22BF4C040002D406 /* Alamofire.framework */; };
		900B2D8A22BF4CA30002D406 /* Alamofire.framework in Embed Frameworks */ = {isa = PBXBuildFile; fileRef = 900B2D7C22BF4C040002D406 /* Alamofire.framework */; settings = {ATTRIBUTES = (CodeSignOnCopy, RemoveHeadersOnCopy, ); }; };
		900B2DA722BF5B010002D406 /* GamarraApi.swift in Sources */ = {isa = PBXBuildFile; fileRef = 900B2DA622BF5B010002D406 /* GamarraApi.swift */; };
		905000FD22C0F9A600C6D6E2 /* ClothCategoryViewController.swift in Sources */ = {isa = PBXBuildFile; fileRef = 905000FC22C0F9A600C6D6E2 /* ClothCategoryViewController.swift */; };
		9050010622C102E500C6D6E2 /* ClothCategoryTableViewCell.swift in Sources */ = {isa = PBXBuildFile; fileRef = 9050010522C102E500C6D6E2 /* ClothCategoryTableViewCell.swift */; };
		9050010B22C1082500C6D6E2 /* RegisterViewController.swift in Sources */ = {isa = PBXBuildFile; fileRef = 9050010A22C1082500C6D6E2 /* RegisterViewController.swift */; };
		90640DE322BFFE8600073280 /* ClothTableViewCell.swift in Sources */ = {isa = PBXBuildFile; fileRef = 90640DE222BFFE8600073280 /* ClothTableViewCell.swift */; };
		9065652622C33BE300C65EAF /* BusinessesViewController.swift in Sources */ = {isa = PBXBuildFile; fileRef = 9065652522C33BE300C65EAF /* BusinessesViewController.swift */; };
		9065652822C33BF300C65EAF /* SuscriptionsViewController.swift in Sources */ = {isa = PBXBuildFile; fileRef = 9065652722C33BF300C65EAF /* SuscriptionsViewController.swift */; };
		9065652A22C342C800C65EAF /* BusinessDetailViewController.swift in Sources */ = {isa = PBXBuildFile; fileRef = 9065652922C342C800C65EAF /* BusinessDetailViewController.swift */; };
		9065652C22C3431700C65EAF /* ShopDetailViewController.swift in Sources */ = {isa = PBXBuildFile; fileRef = 9065652B22C3431700C65EAF /* ShopDetailViewController.swift */; };
		9065652E22C3432C00C65EAF /* NewClothViewController.swift in Sources */ = {isa = PBXBuildFile; fileRef = 9065652D22C3432C00C65EAF /* NewClothViewController.swift */; };
		908CD64722C254E300AC7277 /* UIViewControllerExtension.swift in Sources */ = {isa = PBXBuildFile; fileRef = 908CD64622C254E300AC7277 /* UIViewControllerExtension.swift */; };
		909DF50522C08E2B000F6234 /* BagViewController.swift in Sources */ = {isa = PBXBuildFile; fileRef = 909DF50422C08E2B000F6234 /* BagViewController.swift */; };
		909DF50E22C09678000F6234 /* ClothBagTableViewCell.swift in Sources */ = {isa = PBXBuildFile; fileRef = 909DF50D22C09678000F6234 /* ClothBagTableViewCell.swift */; };
		909DF51022C0A3DE000F6234 /* UIViewExtension.swift in Sources */ = {isa = PBXBuildFile; fileRef = 909DF50F22C0A3DE000F6234 /* UIViewExtension.swift */; };
		90A848EA22B37BA6009EE9F0 /* User.swift in Sources */ = {isa = PBXBuildFile; fileRef = 90A848E922B37BA6009EE9F0 /* User.swift */; };
		90C91C8022C04AC1007ABCDC /* LoginViewController.swift in Sources */ = {isa = PBXBuildFile; fileRef = 90C91C7F22C04AC1007ABCDC /* LoginViewController.swift */; };
		90C91C8922C0593C007ABCDC /* ProfileViewController.swift in Sources */ = {isa = PBXBuildFile; fileRef = 90C91C8822C0593C007ABCDC /* ProfileViewController.swift */; };
		90F3123F22C0380A0000A4AA /* ShopMapViewController.swift in Sources */ = {isa = PBXBuildFile; fileRef = 90F3123E22C0380A0000A4AA /* ShopMapViewController.swift */; };
		90F3124822C03ADB0000A4AA /* Place.swift in Sources */ = {isa = PBXBuildFile; fileRef = 90F3124722C03ADB0000A4AA /* Place.swift */; };
/* End PBXBuildFile section */

/* Begin PBXContainerItemProxy section */
		900B2D7B22BF4C040002D406 /* PBXContainerItemProxy */ = {
			isa = PBXContainerItemProxy;
			containerPortal = 900B2D7022BF4C040002D406 /* Alamofire.xcodeproj */;
			proxyType = 2;
			remoteGlobalIDString = F8111E3319A95C8B0040E7D1;
			remoteInfo = "Alamofire iOS";
		};
		900B2D7D22BF4C040002D406 /* PBXContainerItemProxy */ = {
			isa = PBXContainerItemProxy;
			containerPortal = 900B2D7022BF4C040002D406 /* Alamofire.xcodeproj */;
			proxyType = 2;
			remoteGlobalIDString = F8111E3E19A95C8B0040E7D1;
			remoteInfo = "Alamofire iOS Tests";
		};
		900B2D7F22BF4C040002D406 /* PBXContainerItemProxy */ = {
			isa = PBXContainerItemProxy;
			containerPortal = 900B2D7022BF4C040002D406 /* Alamofire.xcodeproj */;
			proxyType = 2;
			remoteGlobalIDString = 4DD67C0B1A5C55C900ED2280;
			remoteInfo = "Alamofire macOS";
		};
		900B2D8122BF4C040002D406 /* PBXContainerItemProxy */ = {
			isa = PBXContainerItemProxy;
			containerPortal = 900B2D7022BF4C040002D406 /* Alamofire.xcodeproj */;
			proxyType = 2;
			remoteGlobalIDString = F829C6B21A7A94F100A2CD59;
			remoteInfo = "Alamofire macOS Tests";
		};
		900B2D8322BF4C040002D406 /* PBXContainerItemProxy */ = {
			isa = PBXContainerItemProxy;
			containerPortal = 900B2D7022BF4C040002D406 /* Alamofire.xcodeproj */;
			proxyType = 2;
			remoteGlobalIDString = 4CF626EF1BA7CB3E0011A099;
			remoteInfo = "Alamofire tvOS";
		};
		900B2D8522BF4C040002D406 /* PBXContainerItemProxy */ = {
			isa = PBXContainerItemProxy;
			containerPortal = 900B2D7022BF4C040002D406 /* Alamofire.xcodeproj */;
			proxyType = 2;
			remoteGlobalIDString = 4CF626F81BA7CB3E0011A099;
			remoteInfo = "Alamofire tvOS Tests";
		};
		900B2D8722BF4C040002D406 /* PBXContainerItemProxy */ = {
			isa = PBXContainerItemProxy;
			containerPortal = 900B2D7022BF4C040002D406 /* Alamofire.xcodeproj */;
			proxyType = 2;
			remoteGlobalIDString = E4202FE01B667AA100C997FB;
			remoteInfo = "Alamofire watchOS";
		};
		900B2D8B22BF4CA30002D406 /* PBXContainerItemProxy */ = {
			isa = PBXContainerItemProxy;
			containerPortal = 900B2D7022BF4C040002D406 /* Alamofire.xcodeproj */;
			proxyType = 1;
			remoteGlobalIDString = F8111E3219A95C8B0040E7D1;
			remoteInfo = "Alamofire iOS";
		};
/* End PBXContainerItemProxy section */

/* Begin PBXCopyFilesBuildPhase section */
		900B2D8D22BF4CA30002D406 /* Embed Frameworks */ = {
			isa = PBXCopyFilesBuildPhase;
			buildActionMask = 2147483647;
			dstPath = "";
			dstSubfolderSpec = 10;
			files = (
				900B2D8A22BF4CA30002D406 /* Alamofire.framework in Embed Frameworks */,
			);
			name = "Embed Frameworks";
			runOnlyForDeploymentPostprocessing = 0;
		};
/* End PBXCopyFilesBuildPhase section */

/* Begin PBXFileReference section */
		12C377CF2409D3E33BA0BB6E /* Pods_GamarraApp.framework */ = {isa = PBXFileReference; explicitFileType = wrapper.framework; includeInIndex = 0; path = Pods_GamarraApp.framework; sourceTree = BUILT_PRODUCTS_DIR; };
		82CF0F0C66621BFA2EDBAD9E /* Pods-GamarraApp.release.xcconfig */ = {isa = PBXFileReference; includeInIndex = 1; lastKnownFileType = text.xcconfig; name = "Pods-GamarraApp.release.xcconfig"; path = "Target Support Files/Pods-GamarraApp/Pods-GamarraApp.release.xcconfig"; sourceTree = "<group>"; };
		8B5D6CA6228DA625006219E7 /* GamarraApp.app */ = {isa = PBXFileReference; explicitFileType = wrapper.application; includeInIndex = 0; path = GamarraApp.app; sourceTree = BUILT_PRODUCTS_DIR; };
		8B5D6CA9228DA625006219E7 /* AppDelegate.swift */ = {isa = PBXFileReference; lastKnownFileType = sourcecode.swift; path = AppDelegate.swift; sourceTree = "<group>"; };
		8B5D6CAB228DA625006219E7 /* ViewController.swift */ = {isa = PBXFileReference; lastKnownFileType = sourcecode.swift; path = ViewController.swift; sourceTree = "<group>"; };
		8B5D6CAE228DA625006219E7 /* Base */ = {isa = PBXFileReference; lastKnownFileType = file.storyboard; name = Base; path = Base.lproj/Main.storyboard; sourceTree = "<group>"; };
		8B5D6CB0228DA627006219E7 /* Assets.xcassets */ = {isa = PBXFileReference; lastKnownFileType = folder.assetcatalog; path = Assets.xcassets; sourceTree = "<group>"; };
		8B5D6CB3228DA627006219E7 /* Base */ = {isa = PBXFileReference; lastKnownFileType = file.storyboard; name = Base; path = Base.lproj/LaunchScreen.storyboard; sourceTree = "<group>"; };
		8B5D6CB5228DA627006219E7 /* Info.plist */ = {isa = PBXFileReference; lastKnownFileType = text.plist.xml; path = Info.plist; sourceTree = "<group>"; };
		9002EFCB22BFE12E00773716 /* Cloth.swift */ = {isa = PBXFileReference; lastKnownFileType = sourcecode.swift; path = Cloth.swift; sourceTree = "<group>"; };
		9002EFD422BFF76200773716 /* UIImageViewExtension.swift */ = {isa = PBXFileReference; lastKnownFileType = sourcecode.swift; path = UIImageViewExtension.swift; sourceTree = "<group>"; };
		900B2D6922BF3AF20002D406 /* CategoriesViewController.swift */ = {isa = PBXFileReference; lastKnownFileType = sourcecode.swift; path = CategoriesViewController.swift; sourceTree = "<group>"; };
		900B2D6B22BF44000002D406 /* ClothResultsViewController.swift */ = {isa = PBXFileReference; lastKnownFileType = sourcecode.swift; path = ClothResultsViewController.swift; sourceTree = "<group>"; };
		900B2D6D22BF445F0002D406 /* ClothDetailViewController.swift */ = {isa = PBXFileReference; lastKnownFileType = sourcecode.swift; path = ClothDetailViewController.swift; sourceTree = "<group>"; };
		900B2D7022BF4C040002D406 /* Alamofire.xcodeproj */ = {isa = PBXFileReference; lastKnownFileType = "wrapper.pb-project"; name = Alamofire.xcodeproj; path = Alamofire/Alamofire.xcodeproj; sourceTree = "<group>"; };
		900B2DA622BF5B010002D406 /* GamarraApi.swift */ = {isa = PBXFileReference; lastKnownFileType = sourcecode.swift; path = GamarraApi.swift; sourceTree = "<group>"; };
		905000FC22C0F9A600C6D6E2 /* ClothCategoryViewController.swift */ = {isa = PBXFileReference; lastKnownFileType = sourcecode.swift; path = ClothCategoryViewController.swift; sourceTree = "<group>"; };
		9050010522C102E500C6D6E2 /* ClothCategoryTableViewCell.swift */ = {isa = PBXFileReference; lastKnownFileType = sourcecode.swift; path = ClothCategoryTableViewCell.swift; sourceTree = "<group>"; };
		9050010A22C1082500C6D6E2 /* RegisterViewController.swift */ = {isa = PBXFileReference; lastKnownFileType = sourcecode.swift; path = RegisterViewController.swift; sourceTree = "<group>"; };
		90640DE222BFFE8600073280 /* ClothTableViewCell.swift */ = {isa = PBXFileReference; lastKnownFileType = sourcecode.swift; path = ClothTableViewCell.swift; sourceTree = "<group>"; };
		9065652522C33BE300C65EAF /* BusinessesViewController.swift */ = {isa = PBXFileReference; lastKnownFileType = sourcecode.swift; path = BusinessesViewController.swift; sourceTree = "<group>"; };
		9065652722C33BF300C65EAF /* SuscriptionsViewController.swift */ = {isa = PBXFileReference; lastKnownFileType = sourcecode.swift; path = SuscriptionsViewController.swift; sourceTree = "<group>"; };
		9065652922C342C800C65EAF /* BusinessDetailViewController.swift */ = {isa = PBXFileReference; lastKnownFileType = sourcecode.swift; path = BusinessDetailViewController.swift; sourceTree = "<group>"; };
		9065652B22C3431700C65EAF /* ShopDetailViewController.swift */ = {isa = PBXFileReference; lastKnownFileType = sourcecode.swift; path = ShopDetailViewController.swift; sourceTree = "<group>"; };
		9065652D22C3432C00C65EAF /* NewClothViewController.swift */ = {isa = PBXFileReference; lastKnownFileType = sourcecode.swift; path = NewClothViewController.swift; sourceTree = "<group>"; };
		908CD64622C254E300AC7277 /* UIViewControllerExtension.swift */ = {isa = PBXFileReference; lastKnownFileType = sourcecode.swift; path = UIViewControllerExtension.swift; sourceTree = "<group>"; };
		909DF50422C08E2B000F6234 /* BagViewController.swift */ = {isa = PBXFileReference; lastKnownFileType = sourcecode.swift; path = BagViewController.swift; sourceTree = "<group>"; };
		909DF50D22C09678000F6234 /* ClothBagTableViewCell.swift */ = {isa = PBXFileReference; lastKnownFileType = sourcecode.swift; path = ClothBagTableViewCell.swift; sourceTree = "<group>"; };
		909DF50F22C0A3DE000F6234 /* UIViewExtension.swift */ = {isa = PBXFileReference; lastKnownFileType = sourcecode.swift; path = UIViewExtension.swift; sourceTree = "<group>"; };
		90A848E922B37BA6009EE9F0 /* User.swift */ = {isa = PBXFileReference; lastKnownFileType = sourcecode.swift; path = User.swift; sourceTree = "<group>"; };
		90C91C7F22C04AC1007ABCDC /* LoginViewController.swift */ = {isa = PBXFileReference; lastKnownFileType = sourcecode.swift; path = LoginViewController.swift; sourceTree = "<group>"; };
		90C91C8822C0593C007ABCDC /* ProfileViewController.swift */ = {isa = PBXFileReference; lastKnownFileType = sourcecode.swift; path = ProfileViewController.swift; sourceTree = "<group>"; };
		90F3123E22C0380A0000A4AA /* ShopMapViewController.swift */ = {isa = PBXFileReference; lastKnownFileType = sourcecode.swift; path = ShopMapViewController.swift; sourceTree = "<group>"; };
		90F3124722C03ADB0000A4AA /* Place.swift */ = {isa = PBXFileReference; lastKnownFileType = sourcecode.swift; path = Place.swift; sourceTree = "<group>"; };
		B86EFCD7F3AA4743EF2E1202 /* Pods-GamarraApp.debug.xcconfig */ = {isa = PBXFileReference; includeInIndex = 1; lastKnownFileType = text.xcconfig; name = "Pods-GamarraApp.debug.xcconfig"; path = "Target Support Files/Pods-GamarraApp/Pods-GamarraApp.debug.xcconfig"; sourceTree = "<group>"; };
/* End PBXFileReference section */

/* Begin PBXFrameworksBuildPhase section */
		8B5D6CA3228DA625006219E7 /* Frameworks */ = {
			isa = PBXFrameworksBuildPhase;
			buildActionMask = 2147483647;
			files = (
				900B2D8922BF4CA30002D406 /* Alamofire.framework in Frameworks */,
				703049978FC967C58D72AFE7 /* Pods_GamarraApp.framework in Frameworks */,
			);
			runOnlyForDeploymentPostprocessing = 0;
		};
/* End PBXFrameworksBuildPhase section */

/* Begin PBXGroup section */
		8B5D6C9D228DA625006219E7 = {
			isa = PBXGroup;
			children = (
				900B2D7022BF4C040002D406 /* Alamofire.xcodeproj */,
				8B5D6CA8228DA625006219E7 /* GamarraApp */,
				8B5D6CA7228DA625006219E7 /* Products */,
				AEC678EFDAC5B97DB8ED3B61 /* Pods */,
				C6AD9D17F2C1F7FEBA55663C /* Frameworks */,
			);
			sourceTree = "<group>";
		};
		8B5D6CA7228DA625006219E7 /* Products */ = {
			isa = PBXGroup;
			children = (
				8B5D6CA6228DA625006219E7 /* GamarraApp.app */,
			);
			name = Products;
			sourceTree = "<group>";
		};
		8B5D6CA8228DA625006219E7 /* GamarraApp */ = {
			isa = PBXGroup;
			children = (
				8B5D6CB5228DA627006219E7 /* Info.plist */,
				900B2D6522BF35420002D406 /* Main */,
				90A848E522B37B02009EE9F0 /* Model */,
				900B2D6622BF35720002D406 /* Network */,
				900B2D6722BF357C0002D406 /* Resources */,
				900B2D6822BF35840002D406 /* ViewController */,
			);
			path = GamarraApp;
			sourceTree = "<group>";
		};
		900B2D6522BF35420002D406 /* Main */ = {
			isa = PBXGroup;
			children = (
				8B5D6CA9228DA625006219E7 /* AppDelegate.swift */,
			);
			path = Main;
			sourceTree = "<group>";
		};
		900B2D6622BF35720002D406 /* Network */ = {
			isa = PBXGroup;
			children = (
				900B2DA622BF5B010002D406 /* GamarraApi.swift */,
			);
			path = Network;
			sourceTree = "<group>";
		};
		900B2D6722BF357C0002D406 /* Resources */ = {
			isa = PBXGroup;
			children = (
				8B5D6CB0228DA627006219E7 /* Assets.xcassets */,
				8B5D6CAD228DA625006219E7 /* Main.storyboard */,
				8B5D6CB2228DA627006219E7 /* LaunchScreen.storyboard */,
			);
			path = Resources;
			sourceTree = "<group>";
		};
		900B2D6822BF35840002D406 /* ViewController */ = {
			isa = PBXGroup;
			children = (
				900B2D6922BF3AF20002D406 /* CategoriesViewController.swift */,
				8B5D6CAB228DA625006219E7 /* ViewController.swift */,
				900B2D6B22BF44000002D406 /* ClothResultsViewController.swift */,
				900B2D6D22BF445F0002D406 /* ClothDetailViewController.swift */,
				9002EFD422BFF76200773716 /* UIImageViewExtension.swift */,
				90640DE222BFFE8600073280 /* ClothTableViewCell.swift */,
				90F3123E22C0380A0000A4AA /* ShopMapViewController.swift */,
				90C91C7F22C04AC1007ABCDC /* LoginViewController.swift */,
				90C91C8822C0593C007ABCDC /* ProfileViewController.swift */,
				909DF50422C08E2B000F6234 /* BagViewController.swift */,
				909DF50D22C09678000F6234 /* ClothBagTableViewCell.swift */,
				909DF50F22C0A3DE000F6234 /* UIViewExtension.swift */,
				905000FC22C0F9A600C6D6E2 /* ClothCategoryViewController.swift */,
				9050010522C102E500C6D6E2 /* ClothCategoryTableViewCell.swift */,
				9050010A22C1082500C6D6E2 /* RegisterViewController.swift */,
				908CD64622C254E300AC7277 /* UIViewControllerExtension.swift */,
				9065652522C33BE300C65EAF /* BusinessesViewController.swift */,
				9065652722C33BF300C65EAF /* SuscriptionsViewController.swift */,
				9065652922C342C800C65EAF /* BusinessDetailViewController.swift */,
				9065652B22C3431700C65EAF /* ShopDetailViewController.swift */,
				9065652D22C3432C00C65EAF /* NewClothViewController.swift */,
			);
			path = ViewController;
			sourceTree = "<group>";
		};
		900B2D7122BF4C040002D406 /* Products */ = {
			isa = PBXGroup;
			children = (
				900B2D7C22BF4C040002D406 /* Alamofire.framework */,
				900B2D7E22BF4C040002D406 /* Alamofire iOS Tests.xctest */,
				900B2D8022BF4C040002D406 /* Alamofire.framework */,
				900B2D8222BF4C040002D406 /* Alamofire macOS Tests.xctest */,
				900B2D8422BF4C040002D406 /* Alamofire.framework */,
				900B2D8622BF4C040002D406 /* Alamofire tvOS Tests.xctest */,
				900B2D8822BF4C040002D406 /* Alamofire.framework */,
			);
			name = Products;
			sourceTree = "<group>";
		};
		90A848E522B37B02009EE9F0 /* Model */ = {
			isa = PBXGroup;
			children = (
				90A848E922B37BA6009EE9F0 /* User.swift */,
				9002EFCB22BFE12E00773716 /* Cloth.swift */,
				90F3124722C03ADB0000A4AA /* Place.swift */,
			);
			path = Model;
			sourceTree = "<group>";
		};
		AEC678EFDAC5B97DB8ED3B61 /* Pods */ = {
			isa = PBXGroup;
			children = (
				B86EFCD7F3AA4743EF2E1202 /* Pods-GamarraApp.debug.xcconfig */,
				82CF0F0C66621BFA2EDBAD9E /* Pods-GamarraApp.release.xcconfig */,
			);
			path = Pods;
			sourceTree = "<group>";
		};
		C6AD9D17F2C1F7FEBA55663C /* Frameworks */ = {
			isa = PBXGroup;
			children = (
				12C377CF2409D3E33BA0BB6E /* Pods_GamarraApp.framework */,
			);
			name = Frameworks;
			sourceTree = "<group>";
		};
/* End PBXGroup section */

/* Begin PBXNativeTarget section */
		8B5D6CA5228DA625006219E7 /* GamarraApp */ = {
			isa = PBXNativeTarget;
			buildConfigurationList = 8B5D6CB8228DA627006219E7 /* Build configuration list for PBXNativeTarget "GamarraApp" */;
			buildPhases = (
				252E0344777A5E7F2F4A7342 /* [CP] Check Pods Manifest.lock */,
				8B5D6CA2228DA625006219E7 /* Sources */,
				8B5D6CA3228DA625006219E7 /* Frameworks */,
				8B5D6CA4228DA625006219E7 /* Resources */,
				900B2D8D22BF4CA30002D406 /* Embed Frameworks */,
				D14537C4D33221774F38CEBC /* [CP] Embed Pods Frameworks */,
			);
			buildRules = (
			);
			dependencies = (
				900B2D8C22BF4CA30002D406 /* PBXTargetDependency */,
			);
			name = GamarraApp;
			productName = GamarraApp;
			productReference = 8B5D6CA6228DA625006219E7 /* GamarraApp.app */;
			productType = "com.apple.product-type.application";
		};
/* End PBXNativeTarget section */

/* Begin PBXProject section */
		8B5D6C9E228DA625006219E7 /* Project object */ = {
			isa = PBXProject;
			attributes = {
				LastSwiftUpdateCheck = 1010;
				LastUpgradeCheck = 1010;
				ORGANIZATIONNAME = "Developer User";
				TargetAttributes = {
					8B5D6CA5228DA625006219E7 = {
						CreatedOnToolsVersion = 10.1;
						LastSwiftMigration = 1020;
					};
				};
			};
			buildConfigurationList = 8B5D6CA1228DA625006219E7 /* Build configuration list for PBXProject "GamarraApp" */;
			compatibilityVersion = "Xcode 9.3";
			developmentRegion = en;
			hasScannedForEncodings = 0;
			knownRegions = (
				en,
				Base,
			);
			mainGroup = 8B5D6C9D228DA625006219E7;
			productRefGroup = 8B5D6CA7228DA625006219E7 /* Products */;
			projectDirPath = "";
			projectReferences = (
				{
					ProductGroup = 900B2D7122BF4C040002D406 /* Products */;
					ProjectRef = 900B2D7022BF4C040002D406 /* Alamofire.xcodeproj */;
				},
			);
			projectRoot = "";
			targets = (
				8B5D6CA5228DA625006219E7 /* GamarraApp */,
			);
		};
/* End PBXProject section */

/* Begin PBXReferenceProxy section */
		900B2D7C22BF4C040002D406 /* Alamofire.framework */ = {
			isa = PBXReferenceProxy;
			fileType = wrapper.framework;
			path = Alamofire.framework;
			remoteRef = 900B2D7B22BF4C040002D406 /* PBXContainerItemProxy */;
			sourceTree = BUILT_PRODUCTS_DIR;
		};
		900B2D7E22BF4C040002D406 /* Alamofire iOS Tests.xctest */ = {
			isa = PBXReferenceProxy;
			fileType = wrapper.cfbundle;
			path = "Alamofire iOS Tests.xctest";
			remoteRef = 900B2D7D22BF4C040002D406 /* PBXContainerItemProxy */;
			sourceTree = BUILT_PRODUCTS_DIR;
		};
		900B2D8022BF4C040002D406 /* Alamofire.framework */ = {
			isa = PBXReferenceProxy;
			fileType = wrapper.framework;
			path = Alamofire.framework;
			remoteRef = 900B2D7F22BF4C040002D406 /* PBXContainerItemProxy */;
			sourceTree = BUILT_PRODUCTS_DIR;
		};
		900B2D8222BF4C040002D406 /* Alamofire macOS Tests.xctest */ = {
			isa = PBXReferenceProxy;
			fileType = wrapper.cfbundle;
			path = "Alamofire macOS Tests.xctest";
			remoteRef = 900B2D8122BF4C040002D406 /* PBXContainerItemProxy */;
			sourceTree = BUILT_PRODUCTS_DIR;
		};
		900B2D8422BF4C040002D406 /* Alamofire.framework */ = {
			isa = PBXReferenceProxy;
			fileType = wrapper.framework;
			path = Alamofire.framework;
			remoteRef = 900B2D8322BF4C040002D406 /* PBXContainerItemProxy */;
			sourceTree = BUILT_PRODUCTS_DIR;
		};
		900B2D8622BF4C040002D406 /* Alamofire tvOS Tests.xctest */ = {
			isa = PBXReferenceProxy;
			fileType = wrapper.cfbundle;
			path = "Alamofire tvOS Tests.xctest";
			remoteRef = 900B2D8522BF4C040002D406 /* PBXContainerItemProxy */;
			sourceTree = BUILT_PRODUCTS_DIR;
		};
		900B2D8822BF4C040002D406 /* Alamofire.framework */ = {
			isa = PBXReferenceProxy;
			fileType = wrapper.framework;
			path = Alamofire.framework;
			remoteRef = 900B2D8722BF4C040002D406 /* PBXContainerItemProxy */;
			sourceTree = BUILT_PRODUCTS_DIR;
		};
/* End PBXReferenceProxy section */

/* Begin PBXResourcesBuildPhase section */
		8B5D6CA4228DA625006219E7 /* Resources */ = {
			isa = PBXResourcesBuildPhase;
			buildActionMask = 2147483647;
			files = (
				8B5D6CB4228DA627006219E7 /* LaunchScreen.storyboard in Resources */,
				8B5D6CB1228DA627006219E7 /* Assets.xcassets in Resources */,
				8B5D6CAF228DA625006219E7 /* Main.storyboard in Resources */,
			);
			runOnlyForDeploymentPostprocessing = 0;
		};
/* End PBXResourcesBuildPhase section */

/* Begin PBXShellScriptBuildPhase section */
		252E0344777A5E7F2F4A7342 /* [CP] Check Pods Manifest.lock */ = {
			isa = PBXShellScriptBuildPhase;
			buildActionMask = 2147483647;
			files = (
			);
			inputFileListPaths = (
			);
			inputPaths = (
				"${PODS_PODFILE_DIR_PATH}/Podfile.lock",
				"${PODS_ROOT}/Manifest.lock",
			);
			name = "[CP] Check Pods Manifest.lock";
			outputFileListPaths = (
			);
			outputPaths = (
				"$(DERIVED_FILE_DIR)/Pods-GamarraApp-checkManifestLockResult.txt",
			);
			runOnlyForDeploymentPostprocessing = 0;
			shellPath = /bin/sh;
			shellScript = "diff \"${PODS_PODFILE_DIR_PATH}/Podfile.lock\" \"${PODS_ROOT}/Manifest.lock\" > /dev/null\nif [ $? != 0 ] ; then\n    # print error to STDERR\n    echo \"error: The sandbox is not in sync with the Podfile.lock. Run 'pod install' or update your CocoaPods installation.\" >&2\n    exit 1\nfi\n# This output is used by Xcode 'outputs' to avoid re-running this script phase.\necho \"SUCCESS\" > \"${SCRIPT_OUTPUT_FILE_0}\"\n";
			showEnvVarsInLog = 0;
		};
		D14537C4D33221774F38CEBC /* [CP] Embed Pods Frameworks */ = {
			isa = PBXShellScriptBuildPhase;
			buildActionMask = 2147483647;
			files = (
			);
			inputFileListPaths = (
			);
			inputPaths = (
				"${PODS_ROOT}/Target Support Files/Pods-GamarraApp/Pods-GamarraApp-frameworks.sh",
				"${BUILT_PRODUCTS_DIR}/SwiftyJSON/SwiftyJSON.framework",
			);
			name = "[CP] Embed Pods Frameworks";
			outputFileListPaths = (
			);
			outputPaths = (
				"${TARGET_BUILD_DIR}/${FRAMEWORKS_FOLDER_PATH}/SwiftyJSON.framework",
			);
			runOnlyForDeploymentPostprocessing = 0;
			shellPath = /bin/sh;
			shellScript = "\"${PODS_ROOT}/Target Support Files/Pods-GamarraApp/Pods-GamarraApp-frameworks.sh\"\n";
			showEnvVarsInLog = 0;
		};
/* End PBXShellScriptBuildPhase section */

/* Begin PBXSourcesBuildPhase section */
		8B5D6CA2228DA625006219E7 /* Sources */ = {
			isa = PBXSourcesBuildPhase;
			buildActionMask = 2147483647;
			files = (
				90640DE322BFFE8600073280 /* ClothTableViewCell.swift in Sources */,
				9002EFCC22BFE12E00773716 /* Cloth.swift in Sources */,
				900B2DA722BF5B010002D406 /* GamarraApi.swift in Sources */,
				90F3124822C03ADB0000A4AA /* Place.swift in Sources */,
				9050010622C102E500C6D6E2 /* ClothCategoryTableViewCell.swift in Sources */,
				908CD64722C254E300AC7277 /* UIViewControllerExtension.swift in Sources */,
				90C91C8922C0593C007ABCDC /* ProfileViewController.swift in Sources */,
				8B5D6CAC228DA625006219E7 /* ViewController.swift in Sources */,
				90F3123F22C0380A0000A4AA /* ShopMapViewController.swift in Sources */,
				8B5D6CAA228DA625006219E7 /* AppDelegate.swift in Sources */,
				9065652622C33BE300C65EAF /* BusinessesViewController.swift in Sources */,
				909DF51022C0A3DE000F6234 /* UIViewExtension.swift in Sources */,
				900B2D6E22BF445F0002D406 /* ClothDetailViewController.swift in Sources */,
				9065652C22C3431700C65EAF /* ShopDetailViewController.swift in Sources */,
				9065652E22C3432C00C65EAF /* NewClothViewController.swift in Sources */,
				9065652822C33BF300C65EAF /* SuscriptionsViewController.swift in Sources */,
				9050010B22C1082500C6D6E2 /* RegisterViewController.swift in Sources */,
				9065652A22C342C800C65EAF /* BusinessDetailViewController.swift in Sources */,
				9002EFD522BFF76200773716 /* UIImageViewExtension.swift in Sources */,
				905000FD22C0F9A600C6D6E2 /* ClothCategoryViewController.swift in Sources */,
				900B2D6C22BF44000002D406 /* ClothResultsViewController.swift in Sources */,
				900B2D6A22BF3AF20002D406 /* CategoriesViewController.swift in Sources */,
				90C91C8022C04AC1007ABCDC /* LoginViewController.swift in Sources */,
				909DF50E22C09678000F6234 /* ClothBagTableViewCell.swift in Sources */,
				909DF50522C08E2B000F6234 /* BagViewController.swift in Sources */,
				90A848EA22B37BA6009EE9F0 /* User.swift in Sources */,
			);
			runOnlyForDeploymentPostprocessing = 0;
		};
/* End PBXSourcesBuildPhase section */

/* Begin PBXTargetDependency section */
		900B2D8C22BF4CA30002D406 /* PBXTargetDependency */ = {
			isa = PBXTargetDependency;
			name = "Alamofire iOS";
			targetProxy = 900B2D8B22BF4CA30002D406 /* PBXContainerItemProxy */;
		};
/* End PBXTargetDependency section */

/* Begin PBXVariantGroup section */
		8B5D6CAD228DA625006219E7 /* Main.storyboard */ = {
			isa = PBXVariantGroup;
			children = (
				8B5D6CAE228DA625006219E7 /* Base */,
			);
			name = Main.storyboard;
			sourceTree = "<group>";
		};
		8B5D6CB2228DA627006219E7 /* LaunchScreen.storyboard */ = {
			isa = PBXVariantGroup;
			children = (
				8B5D6CB3228DA627006219E7 /* Base */,
			);
			name = LaunchScreen.storyboard;
			sourceTree = "<group>";
		};
/* End PBXVariantGroup section */

/* Begin XCBuildConfiguration section */
		8B5D6CB6228DA627006219E7 /* Debug */ = {
			isa = XCBuildConfiguration;
			buildSettings = {
				ALWAYS_SEARCH_USER_PATHS = NO;
				CLANG_ANALYZER_NONNULL = YES;
				CLANG_ANALYZER_NUMBER_OBJECT_CONVERSION = YES_AGGRESSIVE;
				CLANG_CXX_LANGUAGE_STANDARD = "gnu++14";
				CLANG_CXX_LIBRARY = "libc++";
				CLANG_ENABLE_MODULES = YES;
				CLANG_ENABLE_OBJC_ARC = YES;
				CLANG_ENABLE_OBJC_WEAK = YES;
				CLANG_WARN_BLOCK_CAPTURE_AUTORELEASING = YES;
				CLANG_WARN_BOOL_CONVERSION = YES;
				CLANG_WARN_COMMA = YES;
				CLANG_WARN_CONSTANT_CONVERSION = YES;
				CLANG_WARN_DEPRECATED_OBJC_IMPLEMENTATIONS = YES;
				CLANG_WARN_DIRECT_OBJC_ISA_USAGE = YES_ERROR;
				CLANG_WARN_DOCUMENTATION_COMMENTS = YES;
				CLANG_WARN_EMPTY_BODY = YES;
				CLANG_WARN_ENUM_CONVERSION = YES;
				CLANG_WARN_INFINITE_RECURSION = YES;
				CLANG_WARN_INT_CONVERSION = YES;
				CLANG_WARN_NON_LITERAL_NULL_CONVERSION = YES;
				CLANG_WARN_OBJC_IMPLICIT_RETAIN_SELF = YES;
				CLANG_WARN_OBJC_LITERAL_CONVERSION = YES;
				CLANG_WARN_OBJC_ROOT_CLASS = YES_ERROR;
				CLANG_WARN_RANGE_LOOP_ANALYSIS = YES;
				CLANG_WARN_STRICT_PROTOTYPES = YES;
				CLANG_WARN_SUSPICIOUS_MOVE = YES;
				CLANG_WARN_UNGUARDED_AVAILABILITY = YES_AGGRESSIVE;
				CLANG_WARN_UNREACHABLE_CODE = YES;
				CLANG_WARN__DUPLICATE_METHOD_MATCH = YES;
				CODE_SIGN_IDENTITY = "iPhone Developer";
				COPY_PHASE_STRIP = NO;
				DEBUG_INFORMATION_FORMAT = dwarf;
				ENABLE_STRICT_OBJC_MSGSEND = YES;
				ENABLE_TESTABILITY = YES;
				GCC_C_LANGUAGE_STANDARD = gnu11;
				GCC_DYNAMIC_NO_PIC = NO;
				GCC_NO_COMMON_BLOCKS = YES;
				GCC_OPTIMIZATION_LEVEL = 0;
				GCC_PREPROCESSOR_DEFINITIONS = (
					"DEBUG=1",
					"$(inherited)",
				);
				GCC_WARN_64_TO_32_BIT_CONVERSION = YES;
				GCC_WARN_ABOUT_RETURN_TYPE = YES_ERROR;
				GCC_WARN_UNDECLARED_SELECTOR = YES;
				GCC_WARN_UNINITIALIZED_AUTOS = YES_AGGRESSIVE;
				GCC_WARN_UNUSED_FUNCTION = YES;
				GCC_WARN_UNUSED_VARIABLE = YES;
				IPHONEOS_DEPLOYMENT_TARGET = 12.1;
				MTL_ENABLE_DEBUG_INFO = INCLUDE_SOURCE;
				MTL_FAST_MATH = YES;
				ONLY_ACTIVE_ARCH = YES;
				SDKROOT = iphoneos;
				SWIFT_ACTIVE_COMPILATION_CONDITIONS = DEBUG;
				SWIFT_OPTIMIZATION_LEVEL = "-Onone";
			};
			name = Debug;
		};
		8B5D6CB7228DA627006219E7 /* Release */ = {
			isa = XCBuildConfiguration;
			buildSettings = {
				ALWAYS_SEARCH_USER_PATHS = NO;
				CLANG_ANALYZER_NONNULL = YES;
				CLANG_ANALYZER_NUMBER_OBJECT_CONVERSION = YES_AGGRESSIVE;
				CLANG_CXX_LANGUAGE_STANDARD = "gnu++14";
				CLANG_CXX_LIBRARY = "libc++";
				CLANG_ENABLE_MODULES = YES;
				CLANG_ENABLE_OBJC_ARC = YES;
				CLANG_ENABLE_OBJC_WEAK = YES;
				CLANG_WARN_BLOCK_CAPTURE_AUTORELEASING = YES;
				CLANG_WARN_BOOL_CONVERSION = YES;
				CLANG_WARN_COMMA = YES;
				CLANG_WARN_CONSTANT_CONVERSION = YES;
				CLANG_WARN_DEPRECATED_OBJC_IMPLEMENTATIONS = YES;
				CLANG_WARN_DIRECT_OBJC_ISA_USAGE = YES_ERROR;
				CLANG_WARN_DOCUMENTATION_COMMENTS = YES;
				CLANG_WARN_EMPTY_BODY = YES;
				CLANG_WARN_ENUM_CONVERSION = YES;
				CLANG_WARN_INFINITE_RECURSION = YES;
				CLANG_WARN_INT_CONVERSION = YES;
				CLANG_WARN_NON_LITERAL_NULL_CONVERSION = YES;
				CLANG_WARN_OBJC_IMPLICIT_RETAIN_SELF = YES;
				CLANG_WARN_OBJC_LITERAL_CONVERSION = YES;
				CLANG_WARN_OBJC_ROOT_CLASS = YES_ERROR;
				CLANG_WARN_RANGE_LOOP_ANALYSIS = YES;
				CLANG_WARN_STRICT_PROTOTYPES = YES;
				CLANG_WARN_SUSPICIOUS_MOVE = YES;
				CLANG_WARN_UNGUARDED_AVAILABILITY = YES_AGGRESSIVE;
				CLANG_WARN_UNREACHABLE_CODE = YES;
				CLANG_WARN__DUPLICATE_METHOD_MATCH = YES;
				CODE_SIGN_IDENTITY = "iPhone Developer";
				COPY_PHASE_STRIP = NO;
				DEBUG_INFORMATION_FORMAT = "dwarf-with-dsym";
				ENABLE_NS_ASSERTIONS = NO;
				ENABLE_STRICT_OBJC_MSGSEND = YES;
				GCC_C_LANGUAGE_STANDARD = gnu11;
				GCC_NO_COMMON_BLOCKS = YES;
				GCC_WARN_64_TO_32_BIT_CONVERSION = YES;
				GCC_WARN_ABOUT_RETURN_TYPE = YES_ERROR;
				GCC_WARN_UNDECLARED_SELECTOR = YES;
				GCC_WARN_UNINITIALIZED_AUTOS = YES_AGGRESSIVE;
				GCC_WARN_UNUSED_FUNCTION = YES;
				GCC_WARN_UNUSED_VARIABLE = YES;
				IPHONEOS_DEPLOYMENT_TARGET = 12.1;
				MTL_ENABLE_DEBUG_INFO = NO;
				MTL_FAST_MATH = YES;
				SDKROOT = iphoneos;
				SWIFT_COMPILATION_MODE = wholemodule;
				SWIFT_OPTIMIZATION_LEVEL = "-O";
				VALIDATE_PRODUCT = YES;
			};
			name = Release;
		};
		8B5D6CB9228DA627006219E7 /* Debug */ = {
			isa = XCBuildConfiguration;
			baseConfigurationReference = B86EFCD7F3AA4743EF2E1202 /* Pods-GamarraApp.debug.xcconfig */;
			buildSettings = {
				ALWAYS_EMBED_SWIFT_STANDARD_LIBRARIES = YES;
				ASSETCATALOG_COMPILER_APPICON_NAME = AppIcon;
				CLANG_ENABLE_MODULES = YES;
				CODE_SIGN_STYLE = Automatic;
				DEVELOPMENT_TEAM = 8468U436K8;
				INFOPLIST_FILE = GamarraApp/Info.plist;
				LD_RUNPATH_SEARCH_PATHS = (
					"$(inherited)",
					"@executable_path/Frameworks",
				);
				PRODUCT_BUNDLE_IDENTIFIER = pe.edu.upc.GamarraApp;
				PRODUCT_NAME = "$(TARGET_NAME)";
				SWIFT_OPTIMIZATION_LEVEL = "-Onone";
				SWIFT_VERSION = 4.2;
				TARGETED_DEVICE_FAMILY = "1,2";
			};
			name = Debug;
		};
		8B5D6CBA228DA627006219E7 /* Release */ = {
			isa = XCBuildConfiguration;
			baseConfigurationReference = 82CF0F0C66621BFA2EDBAD9E /* Pods-GamarraApp.release.xcconfig */;
			buildSettings = {
				ALWAYS_EMBED_SWIFT_STANDARD_LIBRARIES = YES;
				ASSETCATALOG_COMPILER_APPICON_NAME = AppIcon;
				CLANG_ENABLE_MODULES = YES;
				CODE_SIGN_STYLE = Automatic;
				DEVELOPMENT_TEAM = 8468U436K8;
				INFOPLIST_FILE = GamarraApp/Info.plist;
				LD_RUNPATH_SEARCH_PATHS = (
					"$(inherited)",
					"@executable_path/Frameworks",
				);
				PRODUCT_BUNDLE_IDENTIFIER = pe.edu.upc.GamarraApp;
				PRODUCT_NAME = "$(TARGET_NAME)";
				SWIFT_VERSION = 4.2;
				TARGETED_DEVICE_FAMILY = "1,2";
			};
			name = Release;
		};
/* End XCBuildConfiguration section */

/* Begin XCConfigurationList section */
		8B5D6CA1228DA625006219E7 /* Build configuration list for PBXProject "GamarraApp" */ = {
			isa = XCConfigurationList;
			buildConfigurations = (
				8B5D6CB6228DA627006219E7 /* Debug */,
				8B5D6CB7228DA627006219E7 /* Release */,
			);
			defaultConfigurationIsVisible = 0;
			defaultConfigurationName = Release;
		};
		8B5D6CB8228DA627006219E7 /* Build configuration list for PBXNativeTarget "GamarraApp" */ = {
			isa = XCConfigurationList;
			buildConfigurations = (
				8B5D6CB9228DA627006219E7 /* Debug */,
				8B5D6CBA228DA627006219E7 /* Release */,
			);
			defaultConfigurationIsVisible = 0;
			defaultConfigurationName = Release;
		};
/* End XCConfigurationList section */
	};
	rootObject = 8B5D6C9E228DA625006219E7 /* Project object */;
}
